// !$*UTF8*$!
{
	archiveVersion = 1;
	classes = {
	};
	objectVersion = 56;
	objects = {

/* Begin PBXBuildFile section */
		E898C16D2AB717E200B35A33 /* AppDelegate.swift in Sources */ = {isa = PBXBuildFile; fileRef = E898C16C2AB717E200B35A33 /* AppDelegate.swift */; };
		E898C16F2AB717E200B35A33 /* SceneDelegate.swift in Sources */ = {isa = PBXBuildFile; fileRef = E898C16E2AB717E200B35A33 /* SceneDelegate.swift */; };
		E898C1712AB717E200B35A33 /* ViewController.swift in Sources */ = {isa = PBXBuildFile; fileRef = E898C1702AB717E200B35A33 /* ViewController.swift */; };
		E898C1742AB717E200B35A33 /* Main.storyboard in Resources */ = {isa = PBXBuildFile; fileRef = E898C1722AB717E200B35A33 /* Main.storyboard */; };
		E898C1762AB717E400B35A33 /* Assets.xcassets in Resources */ = {isa = PBXBuildFile; fileRef = E898C1752AB717E400B35A33 /* Assets.xcassets */; };
		E898C1792AB717E400B35A33 /* LaunchScreen.storyboard in Resources */ = {isa = PBXBuildFile; fileRef = E898C1772AB717E400B35A33 /* LaunchScreen.storyboard */; };
		E898C1822AB718AA00B35A33 /* CardSettingsViewController.swift in Sources */ = {isa = PBXBuildFile; fileRef = E898C1802AB718A900B35A33 /* CardSettingsViewController.swift */; };
		E898C1832AB718AA00B35A33 /* TapCardSDKExample.swift in Sources */ = {isa = PBXBuildFile; fileRef = E898C1812AB718AA00B35A33 /* TapCardSDKExample.swift */; };
		E898C18A2AB7190700B35A33 /* Tap-Card-SDK in Frameworks */ = {isa = PBXBuildFile; productRef = E898C1892AB7190700B35A33 /* Tap-Card-SDK */; };
		E898C18D2AB7198000B35A33 /* Toast in Frameworks */ = {isa = PBXBuildFile; productRef = E898C18C2AB7198000B35A33 /* Toast */; };
		E898C1902AB7199600B35A33 /* Eureka in Frameworks */ = {isa = PBXBuildFile; productRef = E898C18F2AB7199600B35A33 /* Eureka */; };
/* End PBXBuildFile section */

/* Begin PBXFileReference section */
		E898C1692AB717E200B35A33 /* TapCardSDKExample.app */ = {isa = PBXFileReference; explicitFileType = wrapper.application; includeInIndex = 0; path = TapCardSDKExample.app; sourceTree = BUILT_PRODUCTS_DIR; };
		E898C16C2AB717E200B35A33 /* AppDelegate.swift */ = {isa = PBXFileReference; lastKnownFileType = sourcecode.swift; path = AppDelegate.swift; sourceTree = "<group>"; };
		E898C16E2AB717E200B35A33 /* SceneDelegate.swift */ = {isa = PBXFileReference; lastKnownFileType = sourcecode.swift; path = SceneDelegate.swift; sourceTree = "<group>"; };
		E898C1702AB717E200B35A33 /* ViewController.swift */ = {isa = PBXFileReference; lastKnownFileType = sourcecode.swift; path = ViewController.swift; sourceTree = "<group>"; };
		E898C1732AB717E200B35A33 /* Base */ = {isa = PBXFileReference; lastKnownFileType = file.storyboard; name = Base; path = Base.lproj/Main.storyboard; sourceTree = "<group>"; };
		E898C1752AB717E400B35A33 /* Assets.xcassets */ = {isa = PBXFileReference; lastKnownFileType = folder.assetcatalog; path = Assets.xcassets; sourceTree = "<group>"; };
		E898C1782AB717E400B35A33 /* Base */ = {isa = PBXFileReference; lastKnownFileType = file.storyboard; name = Base; path = Base.lproj/LaunchScreen.storyboard; sourceTree = "<group>"; };
		E898C17A2AB717E400B35A33 /* Info.plist */ = {isa = PBXFileReference; lastKnownFileType = text.plist.xml; path = Info.plist; sourceTree = "<group>"; };
		E898C1802AB718A900B35A33 /* CardSettingsViewController.swift */ = {isa = PBXFileReference; fileEncoding = 4; lastKnownFileType = sourcecode.swift; path = CardSettingsViewController.swift; sourceTree = "<group>"; };
		E898C1812AB718AA00B35A33 /* TapCardSDKExample.swift */ = {isa = PBXFileReference; fileEncoding = 4; lastKnownFileType = sourcecode.swift; path = TapCardSDKExample.swift; sourceTree = "<group>"; };
		E898C1872AB718FA00B35A33 /* Tap-Card-SDK */ = {isa = PBXFileReference; lastKnownFileType = wrapper; name = "Tap-Card-SDK"; path = ..; sourceTree = "<group>"; };
/* End PBXFileReference section */

/* Begin PBXFrameworksBuildPhase section */
		E898C1662AB717E200B35A33 /* Frameworks */ = {
			isa = PBXFrameworksBuildPhase;
			buildActionMask = 2147483647;
			files = (
				E898C18D2AB7198000B35A33 /* Toast in Frameworks */,
				E898C18A2AB7190700B35A33 /* Tap-Card-SDK in Frameworks */,
				E898C1902AB7199600B35A33 /* Eureka in Frameworks */,
			);
			runOnlyForDeploymentPostprocessing = 0;
		};
/* End PBXFrameworksBuildPhase section */

/* Begin PBXGroup section */
		E898C1602AB717E200B35A33 = {
			isa = PBXGroup;
			children = (
				E898C1862AB718FA00B35A33 /* Packages */,
				E898C16B2AB717E200B35A33 /* TapCardSDKExample */,
				E898C16A2AB717E200B35A33 /* Products */,
				E898C1882AB7190700B35A33 /* Frameworks */,
			);
			sourceTree = "<group>";
		};
		E898C16A2AB717E200B35A33 /* Products */ = {
			isa = PBXGroup;
			children = (
				E898C1692AB717E200B35A33 /* TapCardSDKExample.app */,
			);
			name = Products;
			sourceTree = "<group>";
		};
		E898C16B2AB717E200B35A33 /* TapCardSDKExample */ = {
			isa = PBXGroup;
			children = (
				E898C16C2AB717E200B35A33 /* AppDelegate.swift */,
				E898C1802AB718A900B35A33 /* CardSettingsViewController.swift */,
				E898C1812AB718AA00B35A33 /* TapCardSDKExample.swift */,
				E898C16E2AB717E200B35A33 /* SceneDelegate.swift */,
				E898C1702AB717E200B35A33 /* ViewController.swift */,
				E898C1722AB717E200B35A33 /* Main.storyboard */,
				E898C1752AB717E400B35A33 /* Assets.xcassets */,
				E898C1772AB717E400B35A33 /* LaunchScreen.storyboard */,
				E898C17A2AB717E400B35A33 /* Info.plist */,
			);
			path = TapCardSDKExample;
			sourceTree = "<group>";
		};
		E898C1862AB718FA00B35A33 /* Packages */ = {
			isa = PBXGroup;
			children = (
				E898C1872AB718FA00B35A33 /* Tap-Card-SDK */,
			);
			name = Packages;
			sourceTree = "<group>";
		};
		E898C1882AB7190700B35A33 /* Frameworks */ = {
			isa = PBXGroup;
			children = (
			);
			name = Frameworks;
			sourceTree = "<group>";
		};
/* End PBXGroup section */

/* Begin PBXNativeTarget section */
		E898C1682AB717E200B35A33 /* TapCardSDKExample */ = {
			isa = PBXNativeTarget;
			buildConfigurationList = E898C17D2AB717E400B35A33 /* Build configuration list for PBXNativeTarget "TapCardSDKExample" */;
			buildPhases = (
				E898C1652AB717E200B35A33 /* Sources */,
				E898C1662AB717E200B35A33 /* Frameworks */,
				E898C1672AB717E200B35A33 /* Resources */,
			);
			buildRules = (
			);
			dependencies = (
			);
			name = TapCardSDKExample;
			packageProductDependencies = (
				E898C1892AB7190700B35A33 /* Tap-Card-SDK */,
				E898C18C2AB7198000B35A33 /* Toast */,
				E898C18F2AB7199600B35A33 /* Eureka */,
			);
			productName = TapCardSDKExample;
			productReference = E898C1692AB717E200B35A33 /* TapCardSDKExample.app */;
			productType = "com.apple.product-type.application";
		};
/* End PBXNativeTarget section */

/* Begin PBXProject section */
		E898C1612AB717E200B35A33 /* Project object */ = {
			isa = PBXProject;
			attributes = {
				BuildIndependentTargetsInParallel = 1;
				LastSwiftUpdateCheck = 1430;
				LastUpgradeCheck = 1430;
				TargetAttributes = {
					E898C1682AB717E200B35A33 = {
						CreatedOnToolsVersion = 14.3.1;
					};
				};
			};
			buildConfigurationList = E898C1642AB717E200B35A33 /* Build configuration list for PBXProject "TapCardSDKExample" */;
			compatibilityVersion = "Xcode 14.0";
			developmentRegion = en;
			hasScannedForEncodings = 0;
			knownRegions = (
				en,
				Base,
			);
			mainGroup = E898C1602AB717E200B35A33;
			packageReferences = (
				E898C18B2AB7198000B35A33 /* XCRemoteSwiftPackageReference "toast-swift" */,
				E898C18E2AB7199600B35A33 /* XCRemoteSwiftPackageReference "Eureka" */,
			);
			productRefGroup = E898C16A2AB717E200B35A33 /* Products */;
			projectDirPath = "";
			projectRoot = "";
			targets = (
				E898C1682AB717E200B35A33 /* TapCardSDKExample */,
			);
		};
/* End PBXProject section */

/* Begin PBXResourcesBuildPhase section */
		E898C1672AB717E200B35A33 /* Resources */ = {
			isa = PBXResourcesBuildPhase;
			buildActionMask = 2147483647;
			files = (
				E898C1792AB717E400B35A33 /* LaunchScreen.storyboard in Resources */,
				E898C1762AB717E400B35A33 /* Assets.xcassets in Resources */,
				E898C1742AB717E200B35A33 /* Main.storyboard in Resources */,
			);
			runOnlyForDeploymentPostprocessing = 0;
		};
/* End PBXResourcesBuildPhase section */

/* Begin PBXSourcesBuildPhase section */
		E898C1652AB717E200B35A33 /* Sources */ = {
			isa = PBXSourcesBuildPhase;
			buildActionMask = 2147483647;
			files = (
				E898C1712AB717E200B35A33 /* ViewController.swift in Sources */,
				E898C16D2AB717E200B35A33 /* AppDelegate.swift in Sources */,
				E898C1832AB718AA00B35A33 /* TapCardSDKExample.swift in Sources */,
				E898C1822AB718AA00B35A33 /* CardSettingsViewController.swift in Sources */,
				E898C16F2AB717E200B35A33 /* SceneDelegate.swift in Sources */,
			);
			runOnlyForDeploymentPostprocessing = 0;
		};
/* End PBXSourcesBuildPhase section */

/* Begin PBXVariantGroup section */
		E898C1722AB717E200B35A33 /* Main.storyboard */ = {
			isa = PBXVariantGroup;
			children = (
				E898C1732AB717E200B35A33 /* Base */,
			);
			name = Main.storyboard;
			sourceTree = "<group>";
		};
		E898C1772AB717E400B35A33 /* LaunchScreen.storyboard */ = {
			isa = PBXVariantGroup;
			children = (
				E898C1782AB717E400B35A33 /* Base */,
			);
			name = LaunchScreen.storyboard;
			sourceTree = "<group>";
		};
/* End PBXVariantGroup section */

/* Begin XCBuildConfiguration section */
		E898C17B2AB717E400B35A33 /* Debug */ = {
			isa = XCBuildConfiguration;
			buildSettings = {
				ALWAYS_SEARCH_USER_PATHS = NO;
				CLANG_ANALYZER_NONNULL = YES;
				CLANG_ANALYZER_NUMBER_OBJECT_CONVERSION = YES_AGGRESSIVE;
				CLANG_CXX_LANGUAGE_STANDARD = "gnu++20";
				CLANG_ENABLE_MODULES = YES;
				CLANG_ENABLE_OBJC_ARC = YES;
				CLANG_ENABLE_OBJC_WEAK = YES;
				CLANG_WARN_BLOCK_CAPTURE_AUTORELEASING = YES;
				CLANG_WARN_BOOL_CONVERSION = YES;
				CLANG_WARN_COMMA = YES;
				CLANG_WARN_CONSTANT_CONVERSION = YES;
				CLANG_WARN_DEPRECATED_OBJC_IMPLEMENTATIONS = YES;
				CLANG_WARN_DIRECT_OBJC_ISA_USAGE = YES_ERROR;
				CLANG_WARN_DOCUMENTATION_COMMENTS = YES;
				CLANG_WARN_EMPTY_BODY = YES;
				CLANG_WARN_ENUM_CONVERSION = YES;
				CLANG_WARN_INFINITE_RECURSION = YES;
				CLANG_WARN_INT_CONVERSION = YES;
				CLANG_WARN_NON_LITERAL_NULL_CONVERSION = YES;
				CLANG_WARN_OBJC_IMPLICIT_RETAIN_SELF = YES;
				CLANG_WARN_OBJC_LITERAL_CONVERSION = YES;
				CLANG_WARN_OBJC_ROOT_CLASS = YES_ERROR;
				CLANG_WARN_QUOTED_INCLUDE_IN_FRAMEWORK_HEADER = YES;
				CLANG_WARN_RANGE_LOOP_ANALYSIS = YES;
				CLANG_WARN_STRICT_PROTOTYPES = YES;
				CLANG_WARN_SUSPICIOUS_MOVE = YES;
				CLANG_WARN_UNGUARDED_AVAILABILITY = YES_AGGRESSIVE;
				CLANG_WARN_UNREACHABLE_CODE = YES;
				CLANG_WARN__DUPLICATE_METHOD_MATCH = YES;
				COPY_PHASE_STRIP = NO;
				DEBUG_INFORMATION_FORMAT = dwarf;
				ENABLE_STRICT_OBJC_MSGSEND = YES;
				ENABLE_TESTABILITY = YES;
				GCC_C_LANGUAGE_STANDARD = gnu11;
				GCC_DYNAMIC_NO_PIC = NO;
				GCC_NO_COMMON_BLOCKS = YES;
				GCC_OPTIMIZATION_LEVEL = 0;
				GCC_PREPROCESSOR_DEFINITIONS = (
					"DEBUG=1",
					"$(inherited)",
				);
				GCC_WARN_64_TO_32_BIT_CONVERSION = YES;
				GCC_WARN_ABOUT_RETURN_TYPE = YES_ERROR;
				GCC_WARN_UNDECLARED_SELECTOR = YES;
				GCC_WARN_UNINITIALIZED_AUTOS = YES_AGGRESSIVE;
				GCC_WARN_UNUSED_FUNCTION = YES;
				GCC_WARN_UNUSED_VARIABLE = YES;
				IPHONEOS_DEPLOYMENT_TARGET = 15.0;
				MTL_ENABLE_DEBUG_INFO = INCLUDE_SOURCE;
				MTL_FAST_MATH = YES;
				ONLY_ACTIVE_ARCH = YES;
				SDKROOT = iphoneos;
				SWIFT_ACTIVE_COMPILATION_CONDITIONS = DEBUG;
				SWIFT_OPTIMIZATION_LEVEL = "-Onone";
			};
			name = Debug;
		};
		E898C17C2AB717E400B35A33 /* Release */ = {
			isa = XCBuildConfiguration;
			buildSettings = {
				ALWAYS_SEARCH_USER_PATHS = NO;
				CLANG_ANALYZER_NONNULL = YES;
				CLANG_ANALYZER_NUMBER_OBJECT_CONVERSION = YES_AGGRESSIVE;
				CLANG_CXX_LANGUAGE_STANDARD = "gnu++20";
				CLANG_ENABLE_MODULES = YES;
				CLANG_ENABLE_OBJC_ARC = YES;
				CLANG_ENABLE_OBJC_WEAK = YES;
				CLANG_WARN_BLOCK_CAPTURE_AUTORELEASING = YES;
				CLANG_WARN_BOOL_CONVERSION = YES;
				CLANG_WARN_COMMA = YES;
				CLANG_WARN_CONSTANT_CONVERSION = YES;
				CLANG_WARN_DEPRECATED_OBJC_IMPLEMENTATIONS = YES;
				CLANG_WARN_DIRECT_OBJC_ISA_USAGE = YES_ERROR;
				CLANG_WARN_DOCUMENTATION_COMMENTS = YES;
				CLANG_WARN_EMPTY_BODY = YES;
				CLANG_WARN_ENUM_CONVERSION = YES;
				CLANG_WARN_INFINITE_RECURSION = YES;
				CLANG_WARN_INT_CONVERSION = YES;
				CLANG_WARN_NON_LITERAL_NULL_CONVERSION = YES;
				CLANG_WARN_OBJC_IMPLICIT_RETAIN_SELF = YES;
				CLANG_WARN_OBJC_LITERAL_CONVERSION = YES;
				CLANG_WARN_OBJC_ROOT_CLASS = YES_ERROR;
				CLANG_WARN_QUOTED_INCLUDE_IN_FRAMEWORK_HEADER = YES;
				CLANG_WARN_RANGE_LOOP_ANALYSIS = YES;
				CLANG_WARN_STRICT_PROTOTYPES = YES;
				CLANG_WARN_SUSPICIOUS_MOVE = YES;
				CLANG_WARN_UNGUARDED_AVAILABILITY = YES_AGGRESSIVE;
				CLANG_WARN_UNREACHABLE_CODE = YES;
				CLANG_WARN__DUPLICATE_METHOD_MATCH = YES;
				COPY_PHASE_STRIP = NO;
				DEBUG_INFORMATION_FORMAT = "dwarf-with-dsym";
				ENABLE_NS_ASSERTIONS = NO;
				ENABLE_STRICT_OBJC_MSGSEND = YES;
				GCC_C_LANGUAGE_STANDARD = gnu11;
				GCC_NO_COMMON_BLOCKS = YES;
				GCC_WARN_64_TO_32_BIT_CONVERSION = YES;
				GCC_WARN_ABOUT_RETURN_TYPE = YES_ERROR;
				GCC_WARN_UNDECLARED_SELECTOR = YES;
				GCC_WARN_UNINITIALIZED_AUTOS = YES_AGGRESSIVE;
				GCC_WARN_UNUSED_FUNCTION = YES;
				GCC_WARN_UNUSED_VARIABLE = YES;
				IPHONEOS_DEPLOYMENT_TARGET = 15.0;
				MTL_ENABLE_DEBUG_INFO = NO;
				MTL_FAST_MATH = YES;
				SDKROOT = iphoneos;
				SWIFT_COMPILATION_MODE = wholemodule;
				SWIFT_OPTIMIZATION_LEVEL = "-O";
				VALIDATE_PRODUCT = YES;
			};
			name = Release;
		};
		E898C17E2AB717E400B35A33 /* Debug */ = {
			isa = XCBuildConfiguration;
			buildSettings = {
				ASSETCATALOG_COMPILER_APPICON_NAME = AppIcon;
				ASSETCATALOG_COMPILER_GLOBAL_ACCENT_COLOR_NAME = AccentColor;
				"CODE_SIGN_IDENTITY[sdk=iphoneos*]" = "iPhone Distribution";
				CODE_SIGN_STYLE = Manual;
				CURRENT_PROJECT_VERSION = 59;
				DEVELOPMENT_TEAM = "";
				"DEVELOPMENT_TEAM[sdk=iphoneos*]" = G46S76PUH4;
				GENERATE_INFOPLIST_FILE = YES;
				INFOPLIST_FILE = TapCardSDKExample/Info.plist;
				INFOPLIST_KEY_CFBundleDisplayName = "Card SDK";
				INFOPLIST_KEY_UIApplicationSupportsIndirectInputEvents = YES;
				INFOPLIST_KEY_UILaunchStoryboardName = LaunchScreen;
				INFOPLIST_KEY_UIMainStoryboardFile = Main;
				INFOPLIST_KEY_UISupportedInterfaceOrientations_iPad = "UIInterfaceOrientationPortrait UIInterfaceOrientationPortraitUpsideDown UIInterfaceOrientationLandscapeLeft UIInterfaceOrientationLandscapeRight";
				INFOPLIST_KEY_UISupportedInterfaceOrientations_iPhone = "UIInterfaceOrientationPortrait UIInterfaceOrientationLandscapeLeft UIInterfaceOrientationLandscapeRight";
				LD_RUNPATH_SEARCH_PATHS = (
					"$(inherited)",
					"@executable_path/Frameworks",
				);
				MARKETING_VERSION = 1.0;
				PRODUCT_BUNDLE_IDENTIFIER = tap.TapCardCheckoutExample;
				PRODUCT_NAME = "$(TARGET_NAME)";
				PROVISIONING_PROFILE_SPECIFIER = "";
				"PROVISIONING_PROFILE_SPECIFIER[sdk=iphoneos*]" = TapCardKitFile;
				SWIFT_EMIT_LOC_STRINGS = YES;
				SWIFT_VERSION = 5.0;
				TARGETED_DEVICE_FAMILY = "1,2";
			};
			name = Debug;
		};
		E898C17F2AB717E400B35A33 /* Release */ = {
			isa = XCBuildConfiguration;
			buildSettings = {
				ASSETCATALOG_COMPILER_APPICON_NAME = AppIcon;
				ASSETCATALOG_COMPILER_GLOBAL_ACCENT_COLOR_NAME = AccentColor;
				"CODE_SIGN_IDENTITY[sdk=iphoneos*]" = "iPhone Distribution";
				CODE_SIGN_STYLE = Manual;
				CURRENT_PROJECT_VERSION = 59;
				DEVELOPMENT_TEAM = "";
				"DEVELOPMENT_TEAM[sdk=iphoneos*]" = G46S76PUH4;
				GENERATE_INFOPLIST_FILE = YES;
				INFOPLIST_FILE = TapCardSDKExample/Info.plist;
				INFOPLIST_KEY_CFBundleDisplayName = "Card SDK";
				INFOPLIST_KEY_UIApplicationSupportsIndirectInputEvents = YES;
				INFOPLIST_KEY_UILaunchStoryboardName = LaunchScreen;
				INFOPLIST_KEY_UIMainStoryboardFile = Main;
				INFOPLIST_KEY_UISupportedInterfaceOrientations_iPad = "UIInterfaceOrientationPortrait UIInterfaceOrientationPortraitUpsideDown UIInterfaceOrientationLandscapeLeft UIInterfaceOrientationLandscapeRight";
				INFOPLIST_KEY_UISupportedInterfaceOrientations_iPhone = "UIInterfaceOrientationPortrait UIInterfaceOrientationLandscapeLeft UIInterfaceOrientationLandscapeRight";
				LD_RUNPATH_SEARCH_PATHS = (
					"$(inherited)",
					"@executable_path/Frameworks",
				);
				MARKETING_VERSION = 1.0;
				PRODUCT_BUNDLE_IDENTIFIER = tap.TapCardCheckoutExample;
				PRODUCT_NAME = "$(TARGET_NAME)";
				PROVISIONING_PROFILE_SPECIFIER = "";
				"PROVISIONING_PROFILE_SPECIFIER[sdk=iphoneos*]" = TapCardKitFile;
				SWIFT_EMIT_LOC_STRINGS = YES;
				SWIFT_VERSION = 5.0;
				TARGETED_DEVICE_FAMILY = "1,2";
			};
			name = Release;
		};
/* End XCBuildConfiguration section */

/* Begin XCConfigurationList section */
		E898C1642AB717E200B35A33 /* Build configuration list for PBXProject "TapCardSDKExample" */ = {
			isa = XCConfigurationList;
			buildConfigurations = (
				E898C17B2AB717E400B35A33 /* Debug */,
				E898C17C2AB717E400B35A33 /* Release */,
			);
			defaultConfigurationIsVisible = 0;
			defaultConfigurationName = Release;
		};
		E898C17D2AB717E400B35A33 /* Build configuration list for PBXNativeTarget "TapCardSDKExample" */ = {
			isa = XCConfigurationList;
			buildConfigurations = (
				E898C17E2AB717E400B35A33 /* Debug */,
				E898C17F2AB717E400B35A33 /* Release */,
			);
			defaultConfigurationIsVisible = 0;
			defaultConfigurationName = Release;
		};
/* End XCConfigurationList section */

/* Begin XCRemoteSwiftPackageReference section */
		E898C18B2AB7198000B35A33 /* XCRemoteSwiftPackageReference "toast-swift" */ = {
			isa = XCRemoteSwiftPackageReference;
			repositoryURL = "https://github.com/BastiaanJansen/toast-swift";
			requirement = {
				kind = upToNextMajorVersion;
				minimumVersion = 1.0.0;
			};
		};
		E898C18E2AB7199600B35A33 /* XCRemoteSwiftPackageReference "Eureka" */ = {
			isa = XCRemoteSwiftPackageReference;
			repositoryURL = "https://github.com/xmartlabs/Eureka.git";
			requirement = {
				kind = upToNextMajorVersion;
				minimumVersion = 5.0.0;
			};
		};
/* End XCRemoteSwiftPackageReference section */

/* Begin XCSwiftPackageProductDependency section */
		E898C1892AB7190700B35A33 /* Tap-Card-SDK */ = {
			isa = XCSwiftPackageProductDependency;
			productName = "Tap-Card-SDK";
		};
		E898C18C2AB7198000B35A33 /* Toast */ = {
			isa = XCSwiftPackageProductDependency;
			package = E898C18B2AB7198000B35A33 /* XCRemoteSwiftPackageReference "toast-swift" */;
			productName = Toast;
		};
		E898C18F2AB7199600B35A33 /* Eureka */ = {
			isa = XCSwiftPackageProductDependency;
			package = E898C18E2AB7199600B35A33 /* XCRemoteSwiftPackageReference "Eureka" */;
			productName = Eureka;
		};
/* End XCSwiftPackageProductDependency section */
	};
	rootObject = E898C1612AB717E200B35A33 /* Project object */;
}
