// !$*UTF8*$!
{
	archiveVersion = 1;
	classes = {
	};
	objectVersion = 60;
	objects = {

/* Begin PBXBuildFile section */
		E84C70322ACAC74700901501 /* AppDelegate.swift in Sources */ = {isa = PBXBuildFile; fileRef = E84C70312ACAC74700901501 /* AppDelegate.swift */; };
		E84C70342ACAC74700901501 /* SceneDelegate.swift in Sources */ = {isa = PBXBuildFile; fileRef = E84C70332ACAC74700901501 /* SceneDelegate.swift */; };
		E84C70362ACAC74700901501 /* ViewController.swift in Sources */ = {isa = PBXBuildFile; fileRef = E84C70352ACAC74700901501 /* ViewController.swift */; };
		E84C70392ACAC74800901501 /* Main.storyboard in Resources */ = {isa = PBXBuildFile; fileRef = E84C70372ACAC74800901501 /* Main.storyboard */; };
		E84C703B2ACAC74900901501 /* Assets.xcassets in Resources */ = {isa = PBXBuildFile; fileRef = E84C703A2ACAC74900901501 /* Assets.xcassets */; };
		E84C703E2ACAC74900901501 /* LaunchScreen.storyboard in Resources */ = {isa = PBXBuildFile; fileRef = E84C703C2ACAC74900901501 /* LaunchScreen.storyboard */; };
		E84C70472ACAC77700901501 /* Card-iOS in Frameworks */ = {isa = PBXBuildFile; productRef = E84C70462ACAC77700901501 /* Card-iOS */; };
		E84C704A2ACAC79A00901501 /* Toast in Frameworks */ = {isa = PBXBuildFile; productRef = E84C70492ACAC79A00901501 /* Toast */; };
		E84C704D2ACAC7A800901501 /* Eureka in Frameworks */ = {isa = PBXBuildFile; productRef = E84C704C2ACAC7A800901501 /* Eureka */; };
		E84C70502ACAC7BC00901501 /* TapCardSDKExample.swift in Sources */ = {isa = PBXBuildFile; fileRef = E84C704E2ACAC7BC00901501 /* TapCardSDKExample.swift */; };
		E84C70512ACAC7BC00901501 /* CardSettingsViewController.swift in Sources */ = {isa = PBXBuildFile; fileRef = E84C704F2ACAC7BC00901501 /* CardSettingsViewController.swift */; };
/* End PBXBuildFile section */

/* Begin PBXFileReference section */
		E84C702E2ACAC74700901501 /* TapCardCheckoutExample.app */ = {isa = PBXFileReference; explicitFileType = wrapper.application; includeInIndex = 0; path = TapCardCheckoutExample.app; sourceTree = BUILT_PRODUCTS_DIR; };
		E84C70312ACAC74700901501 /* AppDelegate.swift */ = {isa = PBXFileReference; lastKnownFileType = sourcecode.swift; path = AppDelegate.swift; sourceTree = "<group>"; };
		E84C70332ACAC74700901501 /* SceneDelegate.swift */ = {isa = PBXFileReference; lastKnownFileType = sourcecode.swift; path = SceneDelegate.swift; sourceTree = "<group>"; };
		E84C70352ACAC74700901501 /* ViewController.swift */ = {isa = PBXFileReference; lastKnownFileType = sourcecode.swift; path = ViewController.swift; sourceTree = "<group>"; };
		E84C70382ACAC74800901501 /* Base */ = {isa = PBXFileReference; lastKnownFileType = file.storyboard; name = Base; path = Base.lproj/Main.storyboard; sourceTree = "<group>"; };
		E84C703A2ACAC74900901501 /* Assets.xcassets */ = {isa = PBXFileReference; lastKnownFileType = folder.assetcatalog; path = Assets.xcassets; sourceTree = "<group>"; };
		E84C703D2ACAC74900901501 /* Base */ = {isa = PBXFileReference; lastKnownFileType = file.storyboard; name = Base; path = Base.lproj/LaunchScreen.storyboard; sourceTree = "<group>"; };
		E84C703F2ACAC74900901501 /* Info.plist */ = {isa = PBXFileReference; lastKnownFileType = text.plist.xml; path = Info.plist; sourceTree = "<group>"; };
		E84C704E2ACAC7BC00901501 /* TapCardSDKExample.swift */ = {isa = PBXFileReference; fileEncoding = 4; lastKnownFileType = sourcecode.swift; path = TapCardSDKExample.swift; sourceTree = "<group>"; };
		E84C704F2ACAC7BC00901501 /* CardSettingsViewController.swift */ = {isa = PBXFileReference; fileEncoding = 4; lastKnownFileType = sourcecode.swift; path = CardSettingsViewController.swift; sourceTree = "<group>"; };
/* End PBXFileReference section */

/* Begin PBXFrameworksBuildPhase section */
		E84C702B2ACAC74700901501 /* Frameworks */ = {
			isa = PBXFrameworksBuildPhase;
			buildActionMask = 2147483647;
			files = (
				E84C704A2ACAC79A00901501 /* Toast in Frameworks */,
				E84C70472ACAC77700901501 /* Card-iOS in Frameworks */,
				E84C704D2ACAC7A800901501 /* Eureka in Frameworks */,
			);
			runOnlyForDeploymentPostprocessing = 0;
		};
/* End PBXFrameworksBuildPhase section */

/* Begin PBXGroup section */
		E84C70252ACAC74700901501 = {
			isa = PBXGroup;
			children = (
				E84C70302ACAC74700901501 /* TapCardCheckoutExample */,
				E84C702F2ACAC74700901501 /* Products */,
			);
			sourceTree = "<group>";
		};
		E84C702F2ACAC74700901501 /* Products */ = {
			isa = PBXGroup;
			children = (
				E84C702E2ACAC74700901501 /* TapCardCheckoutExample.app */,
			);
			name = Products;
			sourceTree = "<group>";
		};
		E84C70302ACAC74700901501 /* TapCardCheckoutExample */ = {
			isa = PBXGroup;
			children = (
				E84C704F2ACAC7BC00901501 /* CardSettingsViewController.swift */,
				E84C704E2ACAC7BC00901501 /* TapCardSDKExample.swift */,
				E84C70312ACAC74700901501 /* AppDelegate.swift */,
				E84C70332ACAC74700901501 /* SceneDelegate.swift */,
				E84C70352ACAC74700901501 /* ViewController.swift */,
				E84C70372ACAC74800901501 /* Main.storyboard */,
				E84C703A2ACAC74900901501 /* Assets.xcassets */,
				E84C703C2ACAC74900901501 /* LaunchScreen.storyboard */,
				E84C703F2ACAC74900901501 /* Info.plist */,
			);
			path = TapCardCheckoutExample;
			sourceTree = "<group>";
		};
/* End PBXGroup section */

/* Begin PBXNativeTarget section */
		E84C702D2ACAC74700901501 /* TapCardCheckoutExample */ = {
			isa = PBXNativeTarget;
			buildConfigurationList = E84C70422ACAC74900901501 /* Build configuration list for PBXNativeTarget "TapCardCheckoutExample" */;
			buildPhases = (
				E84C702A2ACAC74700901501 /* Sources */,
				E84C702B2ACAC74700901501 /* Frameworks */,
				E84C702C2ACAC74700901501 /* Resources */,
			);
			buildRules = (
			);
			dependencies = (
			);
			name = TapCardCheckoutExample;
			packageProductDependencies = (
				E84C70462ACAC77700901501 /* Card-iOS */,
				E84C70492ACAC79A00901501 /* Toast */,
				E84C704C2ACAC7A800901501 /* Eureka */,
			);
			productName = TapCardCheckoutExample;
			productReference = E84C702E2ACAC74700901501 /* TapCardCheckoutExample.app */;
			productType = "com.apple.product-type.application";
		};
/* End PBXNativeTarget section */

/* Begin PBXProject section */
		E84C70262ACAC74700901501 /* Project object */ = {
			isa = PBXProject;
			attributes = {
				BuildIndependentTargetsInParallel = 1;
				LastSwiftUpdateCheck = 1500;
				LastUpgradeCheck = 1500;
				TargetAttributes = {
					E84C702D2ACAC74700901501 = {
						CreatedOnToolsVersion = 15.0;
					};
				};
			};
			buildConfigurationList = E84C70292ACAC74700901501 /* Build configuration list for PBXProject "TapCardCheckoutExample" */;
			compatibilityVersion = "Xcode 14.0";
			developmentRegion = en;
			hasScannedForEncodings = 0;
			knownRegions = (
				en,
				Base,
			);
			mainGroup = E84C70252ACAC74700901501;
			packageReferences = (
				E84C70452ACAC77700901501 /* XCLocalSwiftPackageReference ".." */,
				E84C70482ACAC79A00901501 /* XCRemoteSwiftPackageReference "toast-swift" */,
				E84C704B2ACAC7A800901501 /* XCRemoteSwiftPackageReference "Eureka" */,
			);
			productRefGroup = E84C702F2ACAC74700901501 /* Products */;
			projectDirPath = "";
			projectRoot = "";
			targets = (
				E84C702D2ACAC74700901501 /* TapCardCheckoutExample */,
			);
		};
/* End PBXProject section */

/* Begin PBXResourcesBuildPhase section */
		E84C702C2ACAC74700901501 /* Resources */ = {
			isa = PBXResourcesBuildPhase;
			buildActionMask = 2147483647;
			files = (
				E84C703E2ACAC74900901501 /* LaunchScreen.storyboard in Resources */,
				E84C703B2ACAC74900901501 /* Assets.xcassets in Resources */,
				E84C70392ACAC74800901501 /* Main.storyboard in Resources */,
			);
			runOnlyForDeploymentPostprocessing = 0;
		};
/* End PBXResourcesBuildPhase section */

/* Begin PBXSourcesBuildPhase section */
		E84C702A2ACAC74700901501 /* Sources */ = {
			isa = PBXSourcesBuildPhase;
			buildActionMask = 2147483647;
			files = (
				E84C70362ACAC74700901501 /* ViewController.swift in Sources */,
				E84C70512ACAC7BC00901501 /* CardSettingsViewController.swift in Sources */,
				E84C70322ACAC74700901501 /* AppDelegate.swift in Sources */,
				E84C70342ACAC74700901501 /* SceneDelegate.swift in Sources */,
				E84C70502ACAC7BC00901501 /* TapCardSDKExample.swift in Sources */,
			);
			runOnlyForDeploymentPostprocessing = 0;
		};
/* End PBXSourcesBuildPhase section */

/* Begin PBXVariantGroup section */
		E84C70372ACAC74800901501 /* Main.storyboard */ = {
			isa = PBXVariantGroup;
			children = (
				E84C70382ACAC74800901501 /* Base */,
			);
			name = Main.storyboard;
			sourceTree = "<group>";
		};
		E84C703C2ACAC74900901501 /* LaunchScreen.storyboard */ = {
			isa = PBXVariantGroup;
			children = (
				E84C703D2ACAC74900901501 /* Base */,
			);
			name = LaunchScreen.storyboard;
			sourceTree = "<group>";
		};
/* End PBXVariantGroup section */

/* Begin XCBuildConfiguration section */
		E84C70402ACAC74900901501 /* Debug */ = {
			isa = XCBuildConfiguration;
			buildSettings = {
				ALWAYS_SEARCH_USER_PATHS = NO;
				ASSETCATALOG_COMPILER_GENERATE_SWIFT_ASSET_SYMBOL_EXTENSIONS = YES;
				CLANG_ANALYZER_NONNULL = YES;
				CLANG_ANALYZER_NUMBER_OBJECT_CONVERSION = YES_AGGRESSIVE;
				CLANG_CXX_LANGUAGE_STANDARD = "gnu++20";
				CLANG_ENABLE_MODULES = YES;
				CLANG_ENABLE_OBJC_ARC = YES;
				CLANG_ENABLE_OBJC_WEAK = YES;
				CLANG_WARN_BLOCK_CAPTURE_AUTORELEASING = YES;
				CLANG_WARN_BOOL_CONVERSION = YES;
				CLANG_WARN_COMMA = YES;
				CLANG_WARN_CONSTANT_CONVERSION = YES;
				CLANG_WARN_DEPRECATED_OBJC_IMPLEMENTATIONS = YES;
				CLANG_WARN_DIRECT_OBJC_ISA_USAGE = YES_ERROR;
				CLANG_WARN_DOCUMENTATION_COMMENTS = YES;
				CLANG_WARN_EMPTY_BODY = YES;
				CLANG_WARN_ENUM_CONVERSION = YES;
				CLANG_WARN_INFINITE_RECURSION = YES;
				CLANG_WARN_INT_CONVERSION = YES;
				CLANG_WARN_NON_LITERAL_NULL_CONVERSION = YES;
				CLANG_WARN_OBJC_IMPLICIT_RETAIN_SELF = YES;
				CLANG_WARN_OBJC_LITERAL_CONVERSION = YES;
				CLANG_WARN_OBJC_ROOT_CLASS = YES_ERROR;
				CLANG_WARN_QUOTED_INCLUDE_IN_FRAMEWORK_HEADER = YES;
				CLANG_WARN_RANGE_LOOP_ANALYSIS = YES;
				CLANG_WARN_STRICT_PROTOTYPES = YES;
				CLANG_WARN_SUSPICIOUS_MOVE = YES;
				CLANG_WARN_UNGUARDED_AVAILABILITY = YES_AGGRESSIVE;
				CLANG_WARN_UNREACHABLE_CODE = YES;
				CLANG_WARN__DUPLICATE_METHOD_MATCH = YES;
				COPY_PHASE_STRIP = NO;
				DEBUG_INFORMATION_FORMAT = dwarf;
				ENABLE_STRICT_OBJC_MSGSEND = YES;
				ENABLE_TESTABILITY = YES;
				ENABLE_USER_SCRIPT_SANDBOXING = YES;
				GCC_C_LANGUAGE_STANDARD = gnu17;
				GCC_DYNAMIC_NO_PIC = NO;
				GCC_NO_COMMON_BLOCKS = YES;
				GCC_OPTIMIZATION_LEVEL = 0;
				GCC_PREPROCESSOR_DEFINITIONS = (
					"DEBUG=1",
					"$(inherited)",
				);
				GCC_WARN_64_TO_32_BIT_CONVERSION = YES;
				GCC_WARN_ABOUT_RETURN_TYPE = YES_ERROR;
				GCC_WARN_UNDECLARED_SELECTOR = YES;
				GCC_WARN_UNINITIALIZED_AUTOS = YES_AGGRESSIVE;
				GCC_WARN_UNUSED_FUNCTION = YES;
				GCC_WARN_UNUSED_VARIABLE = YES;
				IPHONEOS_DEPLOYMENT_TARGET = 15.0;
				LOCALIZATION_PREFERS_STRING_CATALOGS = YES;
				MTL_ENABLE_DEBUG_INFO = INCLUDE_SOURCE;
				MTL_FAST_MATH = YES;
				ONLY_ACTIVE_ARCH = YES;
				SDKROOT = iphoneos;
				SWIFT_ACTIVE_COMPILATION_CONDITIONS = "DEBUG $(inherited)";
				SWIFT_OPTIMIZATION_LEVEL = "-Onone";
			};
			name = Debug;
		};
		E84C70412ACAC74900901501 /* Release */ = {
			isa = XCBuildConfiguration;
			buildSettings = {
				ALWAYS_SEARCH_USER_PATHS = NO;
				ASSETCATALOG_COMPILER_GENERATE_SWIFT_ASSET_SYMBOL_EXTENSIONS = YES;
				CLANG_ANALYZER_NONNULL = YES;
				CLANG_ANALYZER_NUMBER_OBJECT_CONVERSION = YES_AGGRESSIVE;
				CLANG_CXX_LANGUAGE_STANDARD = "gnu++20";
				CLANG_ENABLE_MODULES = YES;
				CLANG_ENABLE_OBJC_ARC = YES;
				CLANG_ENABLE_OBJC_WEAK = YES;
				CLANG_WARN_BLOCK_CAPTURE_AUTORELEASING = YES;
				CLANG_WARN_BOOL_CONVERSION = YES;
				CLANG_WARN_COMMA = YES;
				CLANG_WARN_CONSTANT_CONVERSION = YES;
				CLANG_WARN_DEPRECATED_OBJC_IMPLEMENTATIONS = YES;
				CLANG_WARN_DIRECT_OBJC_ISA_USAGE = YES_ERROR;
				CLANG_WARN_DOCUMENTATION_COMMENTS = YES;
				CLANG_WARN_EMPTY_BODY = YES;
				CLANG_WARN_ENUM_CONVERSION = YES;
				CLANG_WARN_INFINITE_RECURSION = YES;
				CLANG_WARN_INT_CONVERSION = YES;
				CLANG_WARN_NON_LITERAL_NULL_CONVERSION = YES;
				CLANG_WARN_OBJC_IMPLICIT_RETAIN_SELF = YES;
				CLANG_WARN_OBJC_LITERAL_CONVERSION = YES;
				CLANG_WARN_OBJC_ROOT_CLASS = YES_ERROR;
				CLANG_WARN_QUOTED_INCLUDE_IN_FRAMEWORK_HEADER = YES;
				CLANG_WARN_RANGE_LOOP_ANALYSIS = YES;
				CLANG_WARN_STRICT_PROTOTYPES = YES;
				CLANG_WARN_SUSPICIOUS_MOVE = YES;
				CLANG_WARN_UNGUARDED_AVAILABILITY = YES_AGGRESSIVE;
				CLANG_WARN_UNREACHABLE_CODE = YES;
				CLANG_WARN__DUPLICATE_METHOD_MATCH = YES;
				COPY_PHASE_STRIP = NO;
				DEBUG_INFORMATION_FORMAT = "dwarf-with-dsym";
				ENABLE_NS_ASSERTIONS = NO;
				ENABLE_STRICT_OBJC_MSGSEND = YES;
				ENABLE_USER_SCRIPT_SANDBOXING = YES;
				GCC_C_LANGUAGE_STANDARD = gnu17;
				GCC_NO_COMMON_BLOCKS = YES;
				GCC_WARN_64_TO_32_BIT_CONVERSION = YES;
				GCC_WARN_ABOUT_RETURN_TYPE = YES_ERROR;
				GCC_WARN_UNDECLARED_SELECTOR = YES;
				GCC_WARN_UNINITIALIZED_AUTOS = YES_AGGRESSIVE;
				GCC_WARN_UNUSED_FUNCTION = YES;
				GCC_WARN_UNUSED_VARIABLE = YES;
				IPHONEOS_DEPLOYMENT_TARGET = 15.0;
				LOCALIZATION_PREFERS_STRING_CATALOGS = YES;
				MTL_ENABLE_DEBUG_INFO = NO;
				MTL_FAST_MATH = YES;
				SDKROOT = iphoneos;
				SWIFT_COMPILATION_MODE = wholemodule;
				VALIDATE_PRODUCT = YES;
			};
			name = Release;
		};
		E84C70432ACAC74900901501 /* Debug */ = {
			isa = XCBuildConfiguration;
			buildSettings = {
				ASSETCATALOG_COMPILER_APPICON_NAME = AppIcon;
				ASSETCATALOG_COMPILER_GLOBAL_ACCENT_COLOR_NAME = AccentColor;
				CODE_SIGN_STYLE = Automatic;
				CURRENT_PROJECT_VERSION = 68;
				DEVELOPMENT_TEAM = G46S76PUH4;
				GENERATE_INFOPLIST_FILE = YES;
				INFOPLIST_FILE = TapCardCheckoutExample/Info.plist;
				INFOPLIST_KEY_CFBundleDisplayName = "Card SDK";
				INFOPLIST_KEY_UIApplicationSupportsIndirectInputEvents = YES;
				INFOPLIST_KEY_UILaunchStoryboardName = LaunchScreen;
				INFOPLIST_KEY_UIMainStoryboardFile = Main;
				INFOPLIST_KEY_UISupportedInterfaceOrientations_iPad = "UIInterfaceOrientationPortrait UIInterfaceOrientationPortraitUpsideDown UIInterfaceOrientationLandscapeLeft UIInterfaceOrientationLandscapeRight";
				INFOPLIST_KEY_UISupportedInterfaceOrientations_iPhone = "UIInterfaceOrientationPortrait UIInterfaceOrientationLandscapeLeft UIInterfaceOrientationLandscapeRight";
				IPHONEOS_DEPLOYMENT_TARGET = 15.0;
				LD_RUNPATH_SEARCH_PATHS = (
					"$(inherited)",
					"@executable_path/Frameworks",
				);
				MARKETING_VERSION = 1.0;
				PRODUCT_BUNDLE_IDENTIFIER = tap.TapCardCheckoutExample;
				PRODUCT_NAME = "$(TARGET_NAME)";
				SWIFT_EMIT_LOC_STRINGS = YES;
				SWIFT_VERSION = 5.0;
				TARGETED_DEVICE_FAMILY = "1,2";
			};
			name = Debug;
		};
		E84C70442ACAC74900901501 /* Release */ = {
			isa = XCBuildConfiguration;
			buildSettings = {
				ASSETCATALOG_COMPILER_APPICON_NAME = AppIcon;
				ASSETCATALOG_COMPILER_GLOBAL_ACCENT_COLOR_NAME = AccentColor;
				CODE_SIGN_STYLE = Automatic;
				CURRENT_PROJECT_VERSION = 68;
				DEVELOPMENT_TEAM = G46S76PUH4;
				GENERATE_INFOPLIST_FILE = YES;
				INFOPLIST_FILE = TapCardCheckoutExample/Info.plist;
				INFOPLIST_KEY_CFBundleDisplayName = "Card SDK";
				INFOPLIST_KEY_UIApplicationSupportsIndirectInputEvents = YES;
				INFOPLIST_KEY_UILaunchStoryboardName = LaunchScreen;
				INFOPLIST_KEY_UIMainStoryboardFile = Main;
				INFOPLIST_KEY_UISupportedInterfaceOrientations_iPad = "UIInterfaceOrientationPortrait UIInterfaceOrientationPortraitUpsideDown UIInterfaceOrientationLandscapeLeft UIInterfaceOrientationLandscapeRight";
				INFOPLIST_KEY_UISupportedInterfaceOrientations_iPhone = "UIInterfaceOrientationPortrait UIInterfaceOrientationLandscapeLeft UIInterfaceOrientationLandscapeRight";
				IPHONEOS_DEPLOYMENT_TARGET = 15.0;
				LD_RUNPATH_SEARCH_PATHS = (
					"$(inherited)",
					"@executable_path/Frameworks",
				);
				MARKETING_VERSION = 1.0;
				PRODUCT_BUNDLE_IDENTIFIER = tap.TapCardCheckoutExample;
				PRODUCT_NAME = "$(TARGET_NAME)";
				SWIFT_EMIT_LOC_STRINGS = YES;
				SWIFT_VERSION = 5.0;
				TARGETED_DEVICE_FAMILY = "1,2";
			};
			name = Release;
		};
/* End XCBuildConfiguration section */

/* Begin XCConfigurationList section */
		E84C70292ACAC74700901501 /* Build configuration list for PBXProject "TapCardCheckoutExample" */ = {
			isa = XCConfigurationList;
			buildConfigurations = (
				E84C70402ACAC74900901501 /* Debug */,
				E84C70412ACAC74900901501 /* Release */,
			);
			defaultConfigurationIsVisible = 0;
			defaultConfigurationName = Release;
		};
		E84C70422ACAC74900901501 /* Build configuration list for PBXNativeTarget "TapCardCheckoutExample" */ = {
			isa = XCConfigurationList;
			buildConfigurations = (
				E84C70432ACAC74900901501 /* Debug */,
				E84C70442ACAC74900901501 /* Release */,
			);
			defaultConfigurationIsVisible = 0;
			defaultConfigurationName = Release;
		};
/* End XCConfigurationList section */

/* Begin XCLocalSwiftPackageReference section */
		E84C70452ACAC77700901501 /* XCLocalSwiftPackageReference ".." */ = {
			isa = XCLocalSwiftPackageReference;
			relativePath = ..;
		};
/* End XCLocalSwiftPackageReference section */

/* Begin XCRemoteSwiftPackageReference section */
		E84C70482ACAC79A00901501 /* XCRemoteSwiftPackageReference "toast-swift" */ = {
			isa = XCRemoteSwiftPackageReference;
			repositoryURL = "https://github.com/BastiaanJansen/toast-swift";
			requirement = {
				kind = upToNextMajorVersion;
				minimumVersion = 2.0.0;
			};
		};
		E84C704B2ACAC7A800901501 /* XCRemoteSwiftPackageReference "Eureka" */ = {
			isa = XCRemoteSwiftPackageReference;
			repositoryURL = "https://github.com/xmartlabs/Eureka.git";
			requirement = {
				kind = upToNextMajorVersion;
				minimumVersion = 5.4.0;
			};
		};
/* End XCRemoteSwiftPackageReference section */

/* Begin XCSwiftPackageProductDependency section */
		E84C70462ACAC77700901501 /* Card-iOS */ = {
			isa = XCSwiftPackageProductDependency;
			productName = "Card-iOS";
		};
		E84C70492ACAC79A00901501 /* Toast */ = {
			isa = XCSwiftPackageProductDependency;
			package = E84C70482ACAC79A00901501 /* XCRemoteSwiftPackageReference "toast-swift" */;
			productName = Toast;
		};
		E84C704C2ACAC7A800901501 /* Eureka */ = {
			isa = XCSwiftPackageProductDependency;
			package = E84C704B2ACAC7A800901501 /* XCRemoteSwiftPackageReference "Eureka" */;
			productName = Eureka;
		};
/* End XCSwiftPackageProductDependency section */
	};
	rootObject = E84C70262ACAC74700901501 /* Project object */;
}
